// !$*UTF8*$!
{
	archiveVersion = 1;
	classes = {
	};
	objectVersion = 51;
	objects = {

/* Begin PBXBuildFile section */
		3D9762BC05A91FB5532CD9DB /* Pods_CodedCard_CodedCardUITests.framework in Frameworks */ = {isa = PBXBuildFile; fileRef = CFA90EC299314AB9D5A4D16C /* Pods_CodedCard_CodedCardUITests.framework */; };
		4757772EC94EC844ADCCCC52 /* Pods_CodedCard.framework in Frameworks */ = {isa = PBXBuildFile; fileRef = 55ACA9124CFA9FB76D8593D3 /* Pods_CodedCard.framework */; };
		6D59BD8026C4A37600E60E53 /* ThemeViewController.swift in Sources */ = {isa = PBXBuildFile; fileRef = 6D59BD7F26C4A37600E60E53 /* ThemeViewController.swift */; };
		6D59BD8A26C4A3F200E60E53 /* ThemeCollectionViewCell.swift in Sources */ = {isa = PBXBuildFile; fileRef = 6D59BD8826C4A3F200E60E53 /* ThemeCollectionViewCell.swift */; };
		6D59BD8B26C4A3F200E60E53 /* ThemeCollectionViewCell.xib in Resources */ = {isa = PBXBuildFile; fileRef = 6D59BD8926C4A3F200E60E53 /* ThemeCollectionViewCell.xib */; };
		6D8E5EAB26C760DA004D7585 /* QuikCard1024.jpg in Resources */ = {isa = PBXBuildFile; fileRef = 6D8E5EAA26C760DA004D7585 /* QuikCard1024.jpg */; };
		6D9A24ED26BAFC0C00856C69 /* ItemCollectionViewCell.swift in Sources */ = {isa = PBXBuildFile; fileRef = 6D9A24EB26BAFC0C00856C69 /* ItemCollectionViewCell.swift */; };
		6D9A24EE26BAFC0C00856C69 /* ItemCollectionViewCell.xib in Resources */ = {isa = PBXBuildFile; fileRef = 6D9A24EC26BAFC0C00856C69 /* ItemCollectionViewCell.xib */; };
		6D9A250326BB207600856C69 /* QRCodeViewController.swift in Sources */ = {isa = PBXBuildFile; fileRef = 6D9A250226BB207600856C69 /* QRCodeViewController.swift */; };
		6DA8CB7626BC1DCA008FE5D5 /* ProfileViewController.swift in Sources */ = {isa = PBXBuildFile; fileRef = 6DA8CB7526BC1DCA008FE5D5 /* ProfileViewController.swift */; };
		6DA8CB7C26BC26D4008FE5D5 /* ProfileItemCollectionViewCell.swift in Sources */ = {isa = PBXBuildFile; fileRef = 6DA8CB7A26BC26D4008FE5D5 /* ProfileItemCollectionViewCell.swift */; };
		6DA8CB7D26BC26D5008FE5D5 /* ProfileItemCollectionViewCell.xib in Resources */ = {isa = PBXBuildFile; fileRef = 6DA8CB7B26BC26D4008FE5D5 /* ProfileItemCollectionViewCell.xib */; };
		6DA8CB8226BC3CAE008FE5D5 /* EditLinkViewController.swift in Sources */ = {isa = PBXBuildFile; fileRef = 6DA8CB8126BC3CAE008FE5D5 /* EditLinkViewController.swift */; };
		6DA8CB9D26C0730A008FE5D5 /* WalkThroughPageViewController.swift in Sources */ = {isa = PBXBuildFile; fileRef = 6DA8CB9C26C0730A008FE5D5 /* WalkThroughPageViewController.swift */; };
		6DA8CBA526C07329008FE5D5 /* Page1ViewController.swift in Sources */ = {isa = PBXBuildFile; fileRef = 6DA8CBA426C07329008FE5D5 /* Page1ViewController.swift */; };
		6DA8CBAA26C07330008FE5D5 /* Page2ViewController.swift in Sources */ = {isa = PBXBuildFile; fileRef = 6DA8CBA926C07330008FE5D5 /* Page2ViewController.swift */; };
		6DA8CBAF26C07339008FE5D5 /* Page3ViewController.swift in Sources */ = {isa = PBXBuildFile; fileRef = 6DA8CBAE26C07339008FE5D5 /* Page3ViewController.swift */; };
		6DD4428226DD7FF50069E951 /* QuikCardPromo2 3.JPG in Resources */ = {isa = PBXBuildFile; fileRef = 6DD4428126DD7FF50069E951 /* QuikCardPromo2 3.JPG */; };
		6DE395F226B3A9EF00498903 /* AppDelegate.swift in Sources */ = {isa = PBXBuildFile; fileRef = 6DE395F126B3A9EF00498903 /* AppDelegate.swift */; };
		6DE395F426B3A9EF00498903 /* SceneDelegate.swift in Sources */ = {isa = PBXBuildFile; fileRef = 6DE395F326B3A9EF00498903 /* SceneDelegate.swift */; };
		6DE395F626B3A9EF00498903 /* ViewController.swift in Sources */ = {isa = PBXBuildFile; fileRef = 6DE395F526B3A9EF00498903 /* ViewController.swift */; };
		6DE395F926B3A9EF00498903 /* Main.storyboard in Resources */ = {isa = PBXBuildFile; fileRef = 6DE395F726B3A9EF00498903 /* Main.storyboard */; };
		6DE395FC26B3A9EF00498903 /* CodedCard.xcdatamodeld in Sources */ = {isa = PBXBuildFile; fileRef = 6DE395FA26B3A9EF00498903 /* CodedCard.xcdatamodeld */; };
		6DE395FE26B3A9F100498903 /* Assets.xcassets in Resources */ = {isa = PBXBuildFile; fileRef = 6DE395FD26B3A9F100498903 /* Assets.xcassets */; };
		6DE3960126B3A9F100498903 /* LaunchScreen.storyboard in Resources */ = {isa = PBXBuildFile; fileRef = 6DE395FF26B3A9F100498903 /* LaunchScreen.storyboard */; };
		6DE3960C26B3A9F100498903 /* CodedCardTests.swift in Sources */ = {isa = PBXBuildFile; fileRef = 6DE3960B26B3A9F100498903 /* CodedCardTests.swift */; };
		6DE3961726B3A9F100498903 /* CodedCardUITests.swift in Sources */ = {isa = PBXBuildFile; fileRef = 6DE3961626B3A9F100498903 /* CodedCardUITests.swift */; };
		6DF5CE2126B6470A0036C64E /* InfoViewController.swift in Sources */ = {isa = PBXBuildFile; fileRef = 6DF5CE2026B6470A0036C64E /* InfoViewController.swift */; };
		6DF5CE2626B8924D0036C64E /* Card.swift in Sources */ = {isa = PBXBuildFile; fileRef = 6DF5CE2526B8924D0036C64E /* Card.swift */; };
		6DF5CE4426B8DDDE0036C64E /* defaultAavatar.jpeg in Resources */ = {isa = PBXBuildFile; fileRef = 6DF5CE4326B8DDDE0036C64E /* defaultAavatar.jpeg */; };
		6DF5CE4926B8E5B40036C64E /* CardViewController.swift in Sources */ = {isa = PBXBuildFile; fileRef = 6DF5CE4826B8E5B40036C64E /* CardViewController.swift */; };
		6DF5CE5026B9FD690036C64E /* Staatliches-Regular.ttf in Resources */ = {isa = PBXBuildFile; fileRef = 6DF5CE4F26B9FD690036C64E /* Staatliches-Regular.ttf */; };
		9AB53A32D02DA18169C48B53 /* Pods_CodedCardTests.framework in Frameworks */ = {isa = PBXBuildFile; fileRef = B53B4BEC2411348A5B9B2DB9 /* Pods_CodedCardTests.framework */; };
/* End PBXBuildFile section */

/* Begin PBXContainerItemProxy section */
		6DE3960826B3A9F100498903 /* PBXContainerItemProxy */ = {
			isa = PBXContainerItemProxy;
			containerPortal = 6DE395E626B3A9EF00498903 /* Project object */;
			proxyType = 1;
			remoteGlobalIDString = 6DE395ED26B3A9EF00498903;
			remoteInfo = CodedCard;
		};
		6DE3961326B3A9F100498903 /* PBXContainerItemProxy */ = {
			isa = PBXContainerItemProxy;
			containerPortal = 6DE395E626B3A9EF00498903 /* Project object */;
			proxyType = 1;
			remoteGlobalIDString = 6DE395ED26B3A9EF00498903;
			remoteInfo = CodedCard;
		};
/* End PBXContainerItemProxy section */

/* Begin PBXCopyFilesBuildPhase section */
		6DFC645926E00E6B0084AC70 /* Embed App Extensions */ = {
			isa = PBXCopyFilesBuildPhase;
			buildActionMask = 2147483647;
			dstPath = "";
			dstSubfolderSpec = 13;
			files = (
			);
			name = "Embed App Extensions";
			runOnlyForDeploymentPostprocessing = 0;
		};
/* End PBXCopyFilesBuildPhase section */

/* Begin PBXFileReference section */
		2DCBEB1E05142A1D61CAAD22 /* Pods-CodedCardTests.debug.xcconfig */ = {isa = PBXFileReference; includeInIndex = 1; lastKnownFileType = text.xcconfig; name = "Pods-CodedCardTests.debug.xcconfig"; path = "Target Support Files/Pods-CodedCardTests/Pods-CodedCardTests.debug.xcconfig"; sourceTree = "<group>"; };
		3514DE7EAA3542FEAC5BCA94 /* Pods-CodedCard-CodedCardUITests.release.xcconfig */ = {isa = PBXFileReference; includeInIndex = 1; lastKnownFileType = text.xcconfig; name = "Pods-CodedCard-CodedCardUITests.release.xcconfig"; path = "Target Support Files/Pods-CodedCard-CodedCardUITests/Pods-CodedCard-CodedCardUITests.release.xcconfig"; sourceTree = "<group>"; };
		527CA42020E57AE90C4BB955 /* Pods-CodedCard-CodedCardUITests.debug.xcconfig */ = {isa = PBXFileReference; includeInIndex = 1; lastKnownFileType = text.xcconfig; name = "Pods-CodedCard-CodedCardUITests.debug.xcconfig"; path = "Target Support Files/Pods-CodedCard-CodedCardUITests/Pods-CodedCard-CodedCardUITests.debug.xcconfig"; sourceTree = "<group>"; };
		55ACA9124CFA9FB76D8593D3 /* Pods_CodedCard.framework */ = {isa = PBXFileReference; explicitFileType = wrapper.framework; includeInIndex = 0; path = Pods_CodedCard.framework; sourceTree = BUILT_PRODUCTS_DIR; };
		6D59BD7F26C4A37600E60E53 /* ThemeViewController.swift */ = {isa = PBXFileReference; lastKnownFileType = sourcecode.swift; path = ThemeViewController.swift; sourceTree = "<group>"; };
		6D59BD8826C4A3F200E60E53 /* ThemeCollectionViewCell.swift */ = {isa = PBXFileReference; lastKnownFileType = sourcecode.swift; path = ThemeCollectionViewCell.swift; sourceTree = "<group>"; };
		6D59BD8926C4A3F200E60E53 /* ThemeCollectionViewCell.xib */ = {isa = PBXFileReference; lastKnownFileType = file.xib; path = ThemeCollectionViewCell.xib; sourceTree = "<group>"; };
		6D8E5EAA26C760DA004D7585 /* QuikCard1024.jpg */ = {isa = PBXFileReference; lastKnownFileType = image.jpeg; path = QuikCard1024.jpg; sourceTree = "<group>"; };
		6D9A24EB26BAFC0C00856C69 /* ItemCollectionViewCell.swift */ = {isa = PBXFileReference; lastKnownFileType = sourcecode.swift; name = ItemCollectionViewCell.swift; path = CodedCard/ItemCollectionViewCell.swift; sourceTree = SOURCE_ROOT; };
		6D9A24EC26BAFC0C00856C69 /* ItemCollectionViewCell.xib */ = {isa = PBXFileReference; lastKnownFileType = file.xib; name = ItemCollectionViewCell.xib; path = CodedCard/ItemCollectionViewCell.xib; sourceTree = SOURCE_ROOT; };
		6D9A250226BB207600856C69 /* QRCodeViewController.swift */ = {isa = PBXFileReference; lastKnownFileType = sourcecode.swift; path = QRCodeViewController.swift; sourceTree = "<group>"; };
		6D9A251626BB3B1A00856C69 /* CodedCard.entitlements */ = {isa = PBXFileReference; lastKnownFileType = text.plist.entitlements; path = CodedCard.entitlements; sourceTree = "<group>"; };
		6DA8CB7526BC1DCA008FE5D5 /* ProfileViewController.swift */ = {isa = PBXFileReference; lastKnownFileType = sourcecode.swift; path = ProfileViewController.swift; sourceTree = "<group>"; };
		6DA8CB7A26BC26D4008FE5D5 /* ProfileItemCollectionViewCell.swift */ = {isa = PBXFileReference; lastKnownFileType = sourcecode.swift; path = ProfileItemCollectionViewCell.swift; sourceTree = "<group>"; };
		6DA8CB7B26BC26D4008FE5D5 /* ProfileItemCollectionViewCell.xib */ = {isa = PBXFileReference; lastKnownFileType = file.xib; path = ProfileItemCollectionViewCell.xib; sourceTree = "<group>"; };
		6DA8CB8126BC3CAE008FE5D5 /* EditLinkViewController.swift */ = {isa = PBXFileReference; lastKnownFileType = sourcecode.swift; path = EditLinkViewController.swift; sourceTree = "<group>"; };
		6DA8CB9C26C0730A008FE5D5 /* WalkThroughPageViewController.swift */ = {isa = PBXFileReference; lastKnownFileType = sourcecode.swift; path = WalkThroughPageViewController.swift; sourceTree = "<group>"; };
		6DA8CBA426C07329008FE5D5 /* Page1ViewController.swift */ = {isa = PBXFileReference; lastKnownFileType = sourcecode.swift; path = Page1ViewController.swift; sourceTree = "<group>"; };
		6DA8CBA926C07330008FE5D5 /* Page2ViewController.swift */ = {isa = PBXFileReference; lastKnownFileType = sourcecode.swift; path = Page2ViewController.swift; sourceTree = "<group>"; };
		6DA8CBAE26C07339008FE5D5 /* Page3ViewController.swift */ = {isa = PBXFileReference; lastKnownFileType = sourcecode.swift; path = Page3ViewController.swift; sourceTree = "<group>"; };
		6DD4428126DD7FF50069E951 /* QuikCardPromo2 3.JPG */ = {isa = PBXFileReference; lastKnownFileType = image.jpeg; path = "QuikCardPromo2 3.JPG"; sourceTree = "<group>"; };
		6DE395EE26B3A9EF00498903 /* CodedCard.app */ = {isa = PBXFileReference; explicitFileType = wrapper.application; includeInIndex = 0; path = CodedCard.app; sourceTree = BUILT_PRODUCTS_DIR; };
		6DE395F126B3A9EF00498903 /* AppDelegate.swift */ = {isa = PBXFileReference; lastKnownFileType = sourcecode.swift; path = AppDelegate.swift; sourceTree = "<group>"; };
		6DE395F326B3A9EF00498903 /* SceneDelegate.swift */ = {isa = PBXFileReference; lastKnownFileType = sourcecode.swift; path = SceneDelegate.swift; sourceTree = "<group>"; };
		6DE395F526B3A9EF00498903 /* ViewController.swift */ = {isa = PBXFileReference; lastKnownFileType = sourcecode.swift; path = ViewController.swift; sourceTree = "<group>"; };
		6DE395F826B3A9EF00498903 /* Base */ = {isa = PBXFileReference; lastKnownFileType = file.storyboard; name = Base; path = Base.lproj/Main.storyboard; sourceTree = "<group>"; };
		6DE395FB26B3A9EF00498903 /* CodedCard.xcdatamodel */ = {isa = PBXFileReference; lastKnownFileType = wrapper.xcdatamodel; path = CodedCard.xcdatamodel; sourceTree = "<group>"; };
		6DE395FD26B3A9F100498903 /* Assets.xcassets */ = {isa = PBXFileReference; lastKnownFileType = folder.assetcatalog; path = Assets.xcassets; sourceTree = "<group>"; };
		6DE3960026B3A9F100498903 /* Base */ = {isa = PBXFileReference; lastKnownFileType = file.storyboard; name = Base; path = Base.lproj/LaunchScreen.storyboard; sourceTree = "<group>"; };
		6DE3960226B3A9F100498903 /* Info.plist */ = {isa = PBXFileReference; lastKnownFileType = text.plist.xml; path = Info.plist; sourceTree = "<group>"; };
		6DE3960726B3A9F100498903 /* CodedCardTests.xctest */ = {isa = PBXFileReference; explicitFileType = wrapper.cfbundle; includeInIndex = 0; path = CodedCardTests.xctest; sourceTree = BUILT_PRODUCTS_DIR; };
		6DE3960B26B3A9F100498903 /* CodedCardTests.swift */ = {isa = PBXFileReference; lastKnownFileType = sourcecode.swift; path = CodedCardTests.swift; sourceTree = "<group>"; };
		6DE3960D26B3A9F100498903 /* Info.plist */ = {isa = PBXFileReference; lastKnownFileType = text.plist.xml; path = Info.plist; sourceTree = "<group>"; };
		6DE3961226B3A9F100498903 /* CodedCardUITests.xctest */ = {isa = PBXFileReference; explicitFileType = wrapper.cfbundle; includeInIndex = 0; path = CodedCardUITests.xctest; sourceTree = BUILT_PRODUCTS_DIR; };
		6DE3961626B3A9F100498903 /* CodedCardUITests.swift */ = {isa = PBXFileReference; lastKnownFileType = sourcecode.swift; path = CodedCardUITests.swift; sourceTree = "<group>"; };
		6DE3961826B3A9F100498903 /* Info.plist */ = {isa = PBXFileReference; lastKnownFileType = text.plist.xml; path = Info.plist; sourceTree = "<group>"; };
		6DF5CE2026B6470A0036C64E /* InfoViewController.swift */ = {isa = PBXFileReference; lastKnownFileType = sourcecode.swift; path = InfoViewController.swift; sourceTree = "<group>"; };
		6DF5CE2526B8924D0036C64E /* Card.swift */ = {isa = PBXFileReference; lastKnownFileType = sourcecode.swift; path = Card.swift; sourceTree = "<group>"; };
		6DF5CE4326B8DDDE0036C64E /* defaultAavatar.jpeg */ = {isa = PBXFileReference; lastKnownFileType = image.jpeg; path = defaultAavatar.jpeg; sourceTree = "<group>"; };
		6DF5CE4826B8E5B40036C64E /* CardViewController.swift */ = {isa = PBXFileReference; lastKnownFileType = sourcecode.swift; path = CardViewController.swift; sourceTree = "<group>"; };
		6DF5CE4F26B9FD690036C64E /* Staatliches-Regular.ttf */ = {isa = PBXFileReference; lastKnownFileType = file; path = "Staatliches-Regular.ttf"; sourceTree = "<group>"; };
		6DFC644C26E00E6A0084AC70 /* WidgetKit.framework */ = {isa = PBXFileReference; lastKnownFileType = wrapper.framework; name = WidgetKit.framework; path = System/Library/Frameworks/WidgetKit.framework; sourceTree = SDKROOT; };
		6DFC644E26E00E6A0084AC70 /* SwiftUI.framework */ = {isa = PBXFileReference; lastKnownFileType = wrapper.framework; name = SwiftUI.framework; path = System/Library/Frameworks/SwiftUI.framework; sourceTree = SDKROOT; };
		6DFC645126E00E6A0084AC70 /* QuikCardWidget.swift */ = {isa = PBXFileReference; lastKnownFileType = sourcecode.swift; path = QuikCardWidget.swift; sourceTree = "<group>"; };
		6DFC645326E00E6B0084AC70 /* Assets.xcassets */ = {isa = PBXFileReference; lastKnownFileType = folder.assetcatalog; path = Assets.xcassets; sourceTree = "<group>"; };
		6DFC645526E00E6B0084AC70 /* Info.plist */ = {isa = PBXFileReference; lastKnownFileType = text.plist.xml; path = Info.plist; sourceTree = "<group>"; };
		71EC6FD87C8E579419855918 /* Pods-CodedCardTests.release.xcconfig */ = {isa = PBXFileReference; includeInIndex = 1; lastKnownFileType = text.xcconfig; name = "Pods-CodedCardTests.release.xcconfig"; path = "Target Support Files/Pods-CodedCardTests/Pods-CodedCardTests.release.xcconfig"; sourceTree = "<group>"; };
		83B2665D802400FB9B2DB52D /* Pods-CodedCard.debug.xcconfig */ = {isa = PBXFileReference; includeInIndex = 1; lastKnownFileType = text.xcconfig; name = "Pods-CodedCard.debug.xcconfig"; path = "Target Support Files/Pods-CodedCard/Pods-CodedCard.debug.xcconfig"; sourceTree = "<group>"; };
		B53B4BEC2411348A5B9B2DB9 /* Pods_CodedCardTests.framework */ = {isa = PBXFileReference; explicitFileType = wrapper.framework; includeInIndex = 0; path = Pods_CodedCardTests.framework; sourceTree = BUILT_PRODUCTS_DIR; };
		CFA90EC299314AB9D5A4D16C /* Pods_CodedCard_CodedCardUITests.framework */ = {isa = PBXFileReference; explicitFileType = wrapper.framework; includeInIndex = 0; path = Pods_CodedCard_CodedCardUITests.framework; sourceTree = BUILT_PRODUCTS_DIR; };
		FE88FCDB7CEDA3832C0D36CF /* Pods-CodedCard.release.xcconfig */ = {isa = PBXFileReference; includeInIndex = 1; lastKnownFileType = text.xcconfig; name = "Pods-CodedCard.release.xcconfig"; path = "Target Support Files/Pods-CodedCard/Pods-CodedCard.release.xcconfig"; sourceTree = "<group>"; };
/* End PBXFileReference section */

/* Begin PBXFrameworksBuildPhase section */
		6DE395EB26B3A9EF00498903 /* Frameworks */ = {
			isa = PBXFrameworksBuildPhase;
			buildActionMask = 2147483647;
			files = (
				4757772EC94EC844ADCCCC52 /* Pods_CodedCard.framework in Frameworks */,
			);
			runOnlyForDeploymentPostprocessing = 0;
		};
		6DE3960426B3A9F100498903 /* Frameworks */ = {
			isa = PBXFrameworksBuildPhase;
			buildActionMask = 2147483647;
			files = (
				9AB53A32D02DA18169C48B53 /* Pods_CodedCardTests.framework in Frameworks */,
			);
			runOnlyForDeploymentPostprocessing = 0;
		};
		6DE3960F26B3A9F100498903 /* Frameworks */ = {
			isa = PBXFrameworksBuildPhase;
			buildActionMask = 2147483647;
			files = (
				3D9762BC05A91FB5532CD9DB /* Pods_CodedCard_CodedCardUITests.framework in Frameworks */,
			);
			runOnlyForDeploymentPostprocessing = 0;
		};
/* End PBXFrameworksBuildPhase section */

/* Begin PBXGroup section */
		643F29125E1BE8E4D45FCFF8 /* Pods */ = {
			isa = PBXGroup;
			children = (
				83B2665D802400FB9B2DB52D /* Pods-CodedCard.debug.xcconfig */,
				FE88FCDB7CEDA3832C0D36CF /* Pods-CodedCard.release.xcconfig */,
				527CA42020E57AE90C4BB955 /* Pods-CodedCard-CodedCardUITests.debug.xcconfig */,
				3514DE7EAA3542FEAC5BCA94 /* Pods-CodedCard-CodedCardUITests.release.xcconfig */,
				2DCBEB1E05142A1D61CAAD22 /* Pods-CodedCardTests.debug.xcconfig */,
				71EC6FD87C8E579419855918 /* Pods-CodedCardTests.release.xcconfig */,
			);
			path = Pods;
			sourceTree = "<group>";
		};
		6D9A24EA26BAFBD600856C69 /* Collection View Cells */ = {
			isa = PBXGroup;
			children = (
				6D9A24EB26BAFC0C00856C69 /* ItemCollectionViewCell.swift */,
				6D9A24EC26BAFC0C00856C69 /* ItemCollectionViewCell.xib */,
				6DA8CB7A26BC26D4008FE5D5 /* ProfileItemCollectionViewCell.swift */,
				6DA8CB7B26BC26D4008FE5D5 /* ProfileItemCollectionViewCell.xib */,
				6D59BD8826C4A3F200E60E53 /* ThemeCollectionViewCell.swift */,
				6D59BD8926C4A3F200E60E53 /* ThemeCollectionViewCell.xib */,
			);
			name = "Collection View Cells";
			path = Fonts;
			sourceTree = "<group>";
		};
		6DA8CB9B26C072DF008FE5D5 /* Walkthrough View Controllers */ = {
			isa = PBXGroup;
			children = (
				6DA8CB9C26C0730A008FE5D5 /* WalkThroughPageViewController.swift */,
				6DA8CBA426C07329008FE5D5 /* Page1ViewController.swift */,
				6DA8CBA926C07330008FE5D5 /* Page2ViewController.swift */,
				6DA8CBAE26C07339008FE5D5 /* Page3ViewController.swift */,
			);
			path = "Walkthrough View Controllers";
			sourceTree = "<group>";
		};
		6DE395E526B3A9EF00498903 = {
			isa = PBXGroup;
			children = (
				6DE395F026B3A9EF00498903 /* CodedCard */,
				6DE3960A26B3A9F100498903 /* CodedCardTests */,
				6DE3961526B3A9F100498903 /* CodedCardUITests */,
				6DFC645026E00E6A0084AC70 /* QuikCardWidget */,
				6DE395EF26B3A9EF00498903 /* Products */,
				643F29125E1BE8E4D45FCFF8 /* Pods */,
				AB7B9F5758F849CD39E077F2 /* Frameworks */,
			);
			sourceTree = "<group>";
		};
		6DE395EF26B3A9EF00498903 /* Products */ = {
			isa = PBXGroup;
			children = (
				6DE395EE26B3A9EF00498903 /* CodedCard.app */,
				6DE3960726B3A9F100498903 /* CodedCardTests.xctest */,
				6DE3961226B3A9F100498903 /* CodedCardUITests.xctest */,
			);
			name = Products;
			sourceTree = "<group>";
		};
		6DE395F026B3A9EF00498903 /* CodedCard */ = {
			isa = PBXGroup;
			children = (
				6D9A251626BB3B1A00856C69 /* CodedCard.entitlements */,
				6DE395F126B3A9EF00498903 /* AppDelegate.swift */,
				6DE395F326B3A9EF00498903 /* SceneDelegate.swift */,
				6DF5CE2526B8924D0036C64E /* Card.swift */,
				6DE395F726B3A9EF00498903 /* Main.storyboard */,
				6DF5CE4D26B9FD330036C64E /* View Controllers */,
				6D9A24EA26BAFBD600856C69 /* Collection View Cells */,
				6DA8CB9B26C072DF008FE5D5 /* Walkthrough View Controllers */,
				6DF5CE4E26B9FD460036C64E /* Fonts */,
				6DE395FD26B3A9F100498903 /* Assets.xcassets */,
				6DD4428126DD7FF50069E951 /* QuikCardPromo2 3.JPG */,
				6D8E5EAA26C760DA004D7585 /* QuikCard1024.jpg */,
				6DF5CE4326B8DDDE0036C64E /* defaultAavatar.jpeg */,
				6DE395FF26B3A9F100498903 /* LaunchScreen.storyboard */,
				6DE3960226B3A9F100498903 /* Info.plist */,
				6DE395FA26B3A9EF00498903 /* CodedCard.xcdatamodeld */,
			);
			path = CodedCard;
			sourceTree = "<group>";
		};
		6DE3960A26B3A9F100498903 /* CodedCardTests */ = {
			isa = PBXGroup;
			children = (
				6DE3960B26B3A9F100498903 /* CodedCardTests.swift */,
				6DE3960D26B3A9F100498903 /* Info.plist */,
			);
			path = CodedCardTests;
			sourceTree = "<group>";
		};
		6DE3961526B3A9F100498903 /* CodedCardUITests */ = {
			isa = PBXGroup;
			children = (
				6DE3961626B3A9F100498903 /* CodedCardUITests.swift */,
				6DE3961826B3A9F100498903 /* Info.plist */,
			);
			path = CodedCardUITests;
			sourceTree = "<group>";
		};
		6DF5CE4D26B9FD330036C64E /* View Controllers */ = {
			isa = PBXGroup;
			children = (
				6DE395F526B3A9EF00498903 /* ViewController.swift */,
				6DF5CE2026B6470A0036C64E /* InfoViewController.swift */,
				6DA8CB7526BC1DCA008FE5D5 /* ProfileViewController.swift */,
				6DA8CB8126BC3CAE008FE5D5 /* EditLinkViewController.swift */,
				6D59BD7F26C4A37600E60E53 /* ThemeViewController.swift */,
				6DF5CE4826B8E5B40036C64E /* CardViewController.swift */,
				6D9A250226BB207600856C69 /* QRCodeViewController.swift */,
			);
			path = "View Controllers";
			sourceTree = "<group>";
		};
		6DF5CE4E26B9FD460036C64E /* Fonts */ = {
			isa = PBXGroup;
			children = (
				6DF5CE4F26B9FD690036C64E /* Staatliches-Regular.ttf */,
			);
			path = Fonts;
			sourceTree = "<group>";
		};
		6DFC645026E00E6A0084AC70 /* QuikCardWidget */ = {
			isa = PBXGroup;
			children = (
				6DFC645126E00E6A0084AC70 /* QuikCardWidget.swift */,
				6DFC645326E00E6B0084AC70 /* Assets.xcassets */,
				6DFC645526E00E6B0084AC70 /* Info.plist */,
			);
			path = QuikCardWidget;
			sourceTree = "<group>";
		};
		AB7B9F5758F849CD39E077F2 /* Frameworks */ = {
			isa = PBXGroup;
			children = (
				55ACA9124CFA9FB76D8593D3 /* Pods_CodedCard.framework */,
				CFA90EC299314AB9D5A4D16C /* Pods_CodedCard_CodedCardUITests.framework */,
				B53B4BEC2411348A5B9B2DB9 /* Pods_CodedCardTests.framework */,
				6DFC644C26E00E6A0084AC70 /* WidgetKit.framework */,
				6DFC644E26E00E6A0084AC70 /* SwiftUI.framework */,
			);
			name = Frameworks;
			sourceTree = "<group>";
		};
/* End PBXGroup section */

/* Begin PBXNativeTarget section */
		6DE395ED26B3A9EF00498903 /* CodedCard */ = {
			isa = PBXNativeTarget;
			buildConfigurationList = 6DE3961B26B3A9F100498903 /* Build configuration list for PBXNativeTarget "CodedCard" */;
			buildPhases = (
				5932888B4858EFD71CA2C8ED /* [CP] Check Pods Manifest.lock */,
				6DE395EA26B3A9EF00498903 /* Sources */,
				6DE395EB26B3A9EF00498903 /* Frameworks */,
				6DE395EC26B3A9EF00498903 /* Resources */,
				75D12786E6D9209C00859555 /* [CP] Embed Pods Frameworks */,
				6DFC645926E00E6B0084AC70 /* Embed App Extensions */,
			);
			buildRules = (
			);
			dependencies = (
			);
			name = CodedCard;
			productName = CodedCard;
			productReference = 6DE395EE26B3A9EF00498903 /* CodedCard.app */;
			productType = "com.apple.product-type.application";
		};
		6DE3960626B3A9F100498903 /* CodedCardTests */ = {
			isa = PBXNativeTarget;
			buildConfigurationList = 6DE3961E26B3A9F100498903 /* Build configuration list for PBXNativeTarget "CodedCardTests" */;
			buildPhases = (
				C1CA4A88AAC5D68A4A83F3D6 /* [CP] Check Pods Manifest.lock */,
				6DE3960326B3A9F100498903 /* Sources */,
				6DE3960426B3A9F100498903 /* Frameworks */,
				6DE3960526B3A9F100498903 /* Resources */,
			);
			buildRules = (
			);
			dependencies = (
				6DE3960926B3A9F100498903 /* PBXTargetDependency */,
			);
			name = CodedCardTests;
			productName = CodedCardTests;
			productReference = 6DE3960726B3A9F100498903 /* CodedCardTests.xctest */;
			productType = "com.apple.product-type.bundle.unit-test";
		};
		6DE3961126B3A9F100498903 /* CodedCardUITests */ = {
			isa = PBXNativeTarget;
			buildConfigurationList = 6DE3962126B3A9F100498903 /* Build configuration list for PBXNativeTarget "CodedCardUITests" */;
			buildPhases = (
				A721D4DA400FAB1616D8E06E /* [CP] Check Pods Manifest.lock */,
				6DE3960E26B3A9F100498903 /* Sources */,
				6DE3960F26B3A9F100498903 /* Frameworks */,
				6DE3961026B3A9F100498903 /* Resources */,
				231CC887A34FF239FDA49107 /* [CP] Embed Pods Frameworks */,
			);
			buildRules = (
			);
			dependencies = (
				6DE3961426B3A9F100498903 /* PBXTargetDependency */,
			);
			name = CodedCardUITests;
			productName = CodedCardUITests;
			productReference = 6DE3961226B3A9F100498903 /* CodedCardUITests.xctest */;
			productType = "com.apple.product-type.bundle.ui-testing";
		};
/* End PBXNativeTarget section */

/* Begin PBXProject section */
		6DE395E626B3A9EF00498903 /* Project object */ = {
			isa = PBXProject;
			attributes = {
				LastSwiftUpdateCheck = 1250;
				LastUpgradeCheck = 1220;
				TargetAttributes = {
					6DE395ED26B3A9EF00498903 = {
						CreatedOnToolsVersion = 12.2;
					};
					6DE3960626B3A9F100498903 = {
						CreatedOnToolsVersion = 12.2;
						TestTargetID = 6DE395ED26B3A9EF00498903;
					};
					6DE3961126B3A9F100498903 = {
						CreatedOnToolsVersion = 12.2;
						TestTargetID = 6DE395ED26B3A9EF00498903;
					};
				};
			};
			buildConfigurationList = 6DE395E926B3A9EF00498903 /* Build configuration list for PBXProject "Quik Card" */;
			compatibilityVersion = "Xcode 9.3";
			developmentRegion = en;
			hasScannedForEncodings = 0;
			knownRegions = (
				en,
				Base,
			);
			mainGroup = 6DE395E526B3A9EF00498903;
			productRefGroup = 6DE395EF26B3A9EF00498903 /* Products */;
			projectDirPath = "";
			projectRoot = "";
			targets = (
				6DE395ED26B3A9EF00498903 /* CodedCard */,
				6DE3960626B3A9F100498903 /* CodedCardTests */,
				6DE3961126B3A9F100498903 /* CodedCardUITests */,
			);
		};
/* End PBXProject section */

/* Begin PBXResourcesBuildPhase section */
		6DE395EC26B3A9EF00498903 /* Resources */ = {
			isa = PBXResourcesBuildPhase;
			buildActionMask = 2147483647;
			files = (
				6D8E5EAB26C760DA004D7585 /* QuikCard1024.jpg in Resources */,
				6DF5CE4426B8DDDE0036C64E /* defaultAavatar.jpeg in Resources */,
				6DE3960126B3A9F100498903 /* LaunchScreen.storyboard in Resources */,
				6D59BD8B26C4A3F200E60E53 /* ThemeCollectionViewCell.xib in Resources */,
				6DF5CE5026B9FD690036C64E /* Staatliches-Regular.ttf in Resources */,
				6DA8CB7D26BC26D5008FE5D5 /* ProfileItemCollectionViewCell.xib in Resources */,
				6D9A24EE26BAFC0C00856C69 /* ItemCollectionViewCell.xib in Resources */,
				6DD4428226DD7FF50069E951 /* QuikCardPromo2 3.JPG in Resources */,
				6DE395FE26B3A9F100498903 /* Assets.xcassets in Resources */,
				6DE395F926B3A9EF00498903 /* Main.storyboard in Resources */,
			);
			runOnlyForDeploymentPostprocessing = 0;
		};
		6DE3960526B3A9F100498903 /* Resources */ = {
			isa = PBXResourcesBuildPhase;
			buildActionMask = 2147483647;
			files = (
			);
			runOnlyForDeploymentPostprocessing = 0;
		};
		6DE3961026B3A9F100498903 /* Resources */ = {
			isa = PBXResourcesBuildPhase;
			buildActionMask = 2147483647;
			files = (
			);
			runOnlyForDeploymentPostprocessing = 0;
		};
/* End PBXResourcesBuildPhase section */

/* Begin PBXShellScriptBuildPhase section */
		231CC887A34FF239FDA49107 /* [CP] Embed Pods Frameworks */ = {
			isa = PBXShellScriptBuildPhase;
			buildActionMask = 2147483647;
			files = (
			);
			inputFileListPaths = (
				"${PODS_ROOT}/Target Support Files/Pods-CodedCard-CodedCardUITests/Pods-CodedCard-CodedCardUITests-frameworks-${CONFIGURATION}-input-files.xcfilelist",
			);
			name = "[CP] Embed Pods Frameworks";
			outputFileListPaths = (
				"${PODS_ROOT}/Target Support Files/Pods-CodedCard-CodedCardUITests/Pods-CodedCard-CodedCardUITests-frameworks-${CONFIGURATION}-output-files.xcfilelist",
			);
			runOnlyForDeploymentPostprocessing = 0;
			shellPath = /bin/sh;
			shellScript = "\"${PODS_ROOT}/Target Support Files/Pods-CodedCard-CodedCardUITests/Pods-CodedCard-CodedCardUITests-frameworks.sh\"\n";
			showEnvVarsInLog = 0;
		};
		5932888B4858EFD71CA2C8ED /* [CP] Check Pods Manifest.lock */ = {
			isa = PBXShellScriptBuildPhase;
			buildActionMask = 2147483647;
			files = (
			);
			inputFileListPaths = (
			);
			inputPaths = (
				"${PODS_PODFILE_DIR_PATH}/Podfile.lock",
				"${PODS_ROOT}/Manifest.lock",
			);
			name = "[CP] Check Pods Manifest.lock";
			outputFileListPaths = (
			);
			outputPaths = (
				"$(DERIVED_FILE_DIR)/Pods-CodedCard-checkManifestLockResult.txt",
			);
			runOnlyForDeploymentPostprocessing = 0;
			shellPath = /bin/sh;
			shellScript = "diff \"${PODS_PODFILE_DIR_PATH}/Podfile.lock\" \"${PODS_ROOT}/Manifest.lock\" > /dev/null\nif [ $? != 0 ] ; then\n    # print error to STDERR\n    echo \"error: The sandbox is not in sync with the Podfile.lock. Run 'pod install' or update your CocoaPods installation.\" >&2\n    exit 1\nfi\n# This output is used by Xcode 'outputs' to avoid re-running this script phase.\necho \"SUCCESS\" > \"${SCRIPT_OUTPUT_FILE_0}\"\n";
			showEnvVarsInLog = 0;
		};
		75D12786E6D9209C00859555 /* [CP] Embed Pods Frameworks */ = {
			isa = PBXShellScriptBuildPhase;
			buildActionMask = 2147483647;
			files = (
			);
			inputFileListPaths = (
				"${PODS_ROOT}/Target Support Files/Pods-CodedCard/Pods-CodedCard-frameworks-${CONFIGURATION}-input-files.xcfilelist",
			);
			name = "[CP] Embed Pods Frameworks";
			outputFileListPaths = (
				"${PODS_ROOT}/Target Support Files/Pods-CodedCard/Pods-CodedCard-frameworks-${CONFIGURATION}-output-files.xcfilelist",
			);
			runOnlyForDeploymentPostprocessing = 0;
			shellPath = /bin/sh;
			shellScript = "\"${PODS_ROOT}/Target Support Files/Pods-CodedCard/Pods-CodedCard-frameworks.sh\"\n";
			showEnvVarsInLog = 0;
		};
		A721D4DA400FAB1616D8E06E /* [CP] Check Pods Manifest.lock */ = {
			isa = PBXShellScriptBuildPhase;
			buildActionMask = 2147483647;
			files = (
			);
			inputFileListPaths = (
			);
			inputPaths = (
				"${PODS_PODFILE_DIR_PATH}/Podfile.lock",
				"${PODS_ROOT}/Manifest.lock",
			);
			name = "[CP] Check Pods Manifest.lock";
			outputFileListPaths = (
			);
			outputPaths = (
				"$(DERIVED_FILE_DIR)/Pods-CodedCard-CodedCardUITests-checkManifestLockResult.txt",
			);
			runOnlyForDeploymentPostprocessing = 0;
			shellPath = /bin/sh;
			shellScript = "diff \"${PODS_PODFILE_DIR_PATH}/Podfile.lock\" \"${PODS_ROOT}/Manifest.lock\" > /dev/null\nif [ $? != 0 ] ; then\n    # print error to STDERR\n    echo \"error: The sandbox is not in sync with the Podfile.lock. Run 'pod install' or update your CocoaPods installation.\" >&2\n    exit 1\nfi\n# This output is used by Xcode 'outputs' to avoid re-running this script phase.\necho \"SUCCESS\" > \"${SCRIPT_OUTPUT_FILE_0}\"\n";
			showEnvVarsInLog = 0;
		};
		C1CA4A88AAC5D68A4A83F3D6 /* [CP] Check Pods Manifest.lock */ = {
			isa = PBXShellScriptBuildPhase;
			buildActionMask = 2147483647;
			files = (
			);
			inputFileListPaths = (
			);
			inputPaths = (
				"${PODS_PODFILE_DIR_PATH}/Podfile.lock",
				"${PODS_ROOT}/Manifest.lock",
			);
			name = "[CP] Check Pods Manifest.lock";
			outputFileListPaths = (
			);
			outputPaths = (
				"$(DERIVED_FILE_DIR)/Pods-CodedCardTests-checkManifestLockResult.txt",
			);
			runOnlyForDeploymentPostprocessing = 0;
			shellPath = /bin/sh;
			shellScript = "diff \"${PODS_PODFILE_DIR_PATH}/Podfile.lock\" \"${PODS_ROOT}/Manifest.lock\" > /dev/null\nif [ $? != 0 ] ; then\n    # print error to STDERR\n    echo \"error: The sandbox is not in sync with the Podfile.lock. Run 'pod install' or update your CocoaPods installation.\" >&2\n    exit 1\nfi\n# This output is used by Xcode 'outputs' to avoid re-running this script phase.\necho \"SUCCESS\" > \"${SCRIPT_OUTPUT_FILE_0}\"\n";
			showEnvVarsInLog = 0;
		};
/* End PBXShellScriptBuildPhase section */

/* Begin PBXSourcesBuildPhase section */
		6DE395EA26B3A9EF00498903 /* Sources */ = {
			isa = PBXSourcesBuildPhase;
			buildActionMask = 2147483647;
			files = (
				6DE395F626B3A9EF00498903 /* ViewController.swift in Sources */,
				6DF5CE4926B8E5B40036C64E /* CardViewController.swift in Sources */,
				6DA8CB9D26C0730A008FE5D5 /* WalkThroughPageViewController.swift in Sources */,
				6DA8CBAF26C07339008FE5D5 /* Page3ViewController.swift in Sources */,
				6DA8CB8226BC3CAE008FE5D5 /* EditLinkViewController.swift in Sources */,
				6DA8CB7626BC1DCA008FE5D5 /* ProfileViewController.swift in Sources */,
				6DF5CE2626B8924D0036C64E /* Card.swift in Sources */,
				6DE395F226B3A9EF00498903 /* AppDelegate.swift in Sources */,
				6D59BD8A26C4A3F200E60E53 /* ThemeCollectionViewCell.swift in Sources */,
				6DA8CB7C26BC26D4008FE5D5 /* ProfileItemCollectionViewCell.swift in Sources */,
				6DE395F426B3A9EF00498903 /* SceneDelegate.swift in Sources */,
				6D9A24ED26BAFC0C00856C69 /* ItemCollectionViewCell.swift in Sources */,
				6D59BD8026C4A37600E60E53 /* ThemeViewController.swift in Sources */,
				6DA8CBAA26C07330008FE5D5 /* Page2ViewController.swift in Sources */,
				6D9A250326BB207600856C69 /* QRCodeViewController.swift in Sources */,
				6DA8CBA526C07329008FE5D5 /* Page1ViewController.swift in Sources */,
				6DE395FC26B3A9EF00498903 /* CodedCard.xcdatamodeld in Sources */,
				6DF5CE2126B6470A0036C64E /* InfoViewController.swift in Sources */,
			);
			runOnlyForDeploymentPostprocessing = 0;
		};
		6DE3960326B3A9F100498903 /* Sources */ = {
			isa = PBXSourcesBuildPhase;
			buildActionMask = 2147483647;
			files = (
				6DE3960C26B3A9F100498903 /* CodedCardTests.swift in Sources */,
			);
			runOnlyForDeploymentPostprocessing = 0;
		};
		6DE3960E26B3A9F100498903 /* Sources */ = {
			isa = PBXSourcesBuildPhase;
			buildActionMask = 2147483647;
			files = (
				6DE3961726B3A9F100498903 /* CodedCardUITests.swift in Sources */,
			);
			runOnlyForDeploymentPostprocessing = 0;
		};
/* End PBXSourcesBuildPhase section */

/* Begin PBXTargetDependency section */
		6DE3960926B3A9F100498903 /* PBXTargetDependency */ = {
			isa = PBXTargetDependency;
			target = 6DE395ED26B3A9EF00498903 /* CodedCard */;
			targetProxy = 6DE3960826B3A9F100498903 /* PBXContainerItemProxy */;
		};
		6DE3961426B3A9F100498903 /* PBXTargetDependency */ = {
			isa = PBXTargetDependency;
			target = 6DE395ED26B3A9EF00498903 /* CodedCard */;
			targetProxy = 6DE3961326B3A9F100498903 /* PBXContainerItemProxy */;
		};
/* End PBXTargetDependency section */

/* Begin PBXVariantGroup section */
		6DE395F726B3A9EF00498903 /* Main.storyboard */ = {
			isa = PBXVariantGroup;
			children = (
				6DE395F826B3A9EF00498903 /* Base */,
			);
			name = Main.storyboard;
			sourceTree = "<group>";
		};
		6DE395FF26B3A9F100498903 /* LaunchScreen.storyboard */ = {
			isa = PBXVariantGroup;
			children = (
				6DE3960026B3A9F100498903 /* Base */,
			);
			name = LaunchScreen.storyboard;
			sourceTree = "<group>";
		};
/* End PBXVariantGroup section */

/* Begin XCBuildConfiguration section */
		6DE3961926B3A9F100498903 /* Debug */ = {
			isa = XCBuildConfiguration;
			buildSettings = {
				ALWAYS_SEARCH_USER_PATHS = NO;
				CLANG_ANALYZER_NONNULL = YES;
				CLANG_ANALYZER_NUMBER_OBJECT_CONVERSION = YES_AGGRESSIVE;
				CLANG_CXX_LANGUAGE_STANDARD = "gnu++14";
				CLANG_CXX_LIBRARY = "libc++";
				CLANG_ENABLE_MODULES = YES;
				CLANG_ENABLE_OBJC_ARC = YES;
				CLANG_ENABLE_OBJC_WEAK = YES;
				CLANG_WARN_BLOCK_CAPTURE_AUTORELEASING = YES;
				CLANG_WARN_BOOL_CONVERSION = YES;
				CLANG_WARN_COMMA = YES;
				CLANG_WARN_CONSTANT_CONVERSION = YES;
				CLANG_WARN_DEPRECATED_OBJC_IMPLEMENTATIONS = YES;
				CLANG_WARN_DIRECT_OBJC_ISA_USAGE = YES_ERROR;
				CLANG_WARN_DOCUMENTATION_COMMENTS = YES;
				CLANG_WARN_EMPTY_BODY = YES;
				CLANG_WARN_ENUM_CONVERSION = YES;
				CLANG_WARN_INFINITE_RECURSION = YES;
				CLANG_WARN_INT_CONVERSION = YES;
				CLANG_WARN_NON_LITERAL_NULL_CONVERSION = YES;
				CLANG_WARN_OBJC_IMPLICIT_RETAIN_SELF = YES;
				CLANG_WARN_OBJC_LITERAL_CONVERSION = YES;
				CLANG_WARN_OBJC_ROOT_CLASS = YES_ERROR;
				CLANG_WARN_QUOTED_INCLUDE_IN_FRAMEWORK_HEADER = YES;
				CLANG_WARN_RANGE_LOOP_ANALYSIS = YES;
				CLANG_WARN_STRICT_PROTOTYPES = YES;
				CLANG_WARN_SUSPICIOUS_MOVE = YES;
				CLANG_WARN_UNGUARDED_AVAILABILITY = YES_AGGRESSIVE;
				CLANG_WARN_UNREACHABLE_CODE = YES;
				CLANG_WARN__DUPLICATE_METHOD_MATCH = YES;
				COPY_PHASE_STRIP = NO;
				DEBUG_INFORMATION_FORMAT = dwarf;
				ENABLE_STRICT_OBJC_MSGSEND = YES;
				ENABLE_TESTABILITY = YES;
				GCC_C_LANGUAGE_STANDARD = gnu11;
				GCC_DYNAMIC_NO_PIC = NO;
				GCC_NO_COMMON_BLOCKS = YES;
				GCC_OPTIMIZATION_LEVEL = 0;
				GCC_PREPROCESSOR_DEFINITIONS = (
					"DEBUG=1",
					"$(inherited)",
				);
				GCC_WARN_64_TO_32_BIT_CONVERSION = YES;
				GCC_WARN_ABOUT_RETURN_TYPE = YES_ERROR;
				GCC_WARN_UNDECLARED_SELECTOR = YES;
				GCC_WARN_UNINITIALIZED_AUTOS = YES_AGGRESSIVE;
				GCC_WARN_UNUSED_FUNCTION = YES;
				GCC_WARN_UNUSED_VARIABLE = YES;
				IPHONEOS_DEPLOYMENT_TARGET = 14.2;
				MTL_ENABLE_DEBUG_INFO = INCLUDE_SOURCE;
				MTL_FAST_MATH = YES;
				ONLY_ACTIVE_ARCH = YES;
				SDKROOT = iphoneos;
				SWIFT_ACTIVE_COMPILATION_CONDITIONS = DEBUG;
				SWIFT_OPTIMIZATION_LEVEL = "-Onone";
			};
			name = Debug;
		};
		6DE3961A26B3A9F100498903 /* Release */ = {
			isa = XCBuildConfiguration;
			buildSettings = {
				ALWAYS_SEARCH_USER_PATHS = NO;
				CLANG_ANALYZER_NONNULL = YES;
				CLANG_ANALYZER_NUMBER_OBJECT_CONVERSION = YES_AGGRESSIVE;
				CLANG_CXX_LANGUAGE_STANDARD = "gnu++14";
				CLANG_CXX_LIBRARY = "libc++";
				CLANG_ENABLE_MODULES = YES;
				CLANG_ENABLE_OBJC_ARC = YES;
				CLANG_ENABLE_OBJC_WEAK = YES;
				CLANG_WARN_BLOCK_CAPTURE_AUTORELEASING = YES;
				CLANG_WARN_BOOL_CONVERSION = YES;
				CLANG_WARN_COMMA = YES;
				CLANG_WARN_CONSTANT_CONVERSION = YES;
				CLANG_WARN_DEPRECATED_OBJC_IMPLEMENTATIONS = YES;
				CLANG_WARN_DIRECT_OBJC_ISA_USAGE = YES_ERROR;
				CLANG_WARN_DOCUMENTATION_COMMENTS = YES;
				CLANG_WARN_EMPTY_BODY = YES;
				CLANG_WARN_ENUM_CONVERSION = YES;
				CLANG_WARN_INFINITE_RECURSION = YES;
				CLANG_WARN_INT_CONVERSION = YES;
				CLANG_WARN_NON_LITERAL_NULL_CONVERSION = YES;
				CLANG_WARN_OBJC_IMPLICIT_RETAIN_SELF = YES;
				CLANG_WARN_OBJC_LITERAL_CONVERSION = YES;
				CLANG_WARN_OBJC_ROOT_CLASS = YES_ERROR;
				CLANG_WARN_QUOTED_INCLUDE_IN_FRAMEWORK_HEADER = YES;
				CLANG_WARN_RANGE_LOOP_ANALYSIS = YES;
				CLANG_WARN_STRICT_PROTOTYPES = YES;
				CLANG_WARN_SUSPICIOUS_MOVE = YES;
				CLANG_WARN_UNGUARDED_AVAILABILITY = YES_AGGRESSIVE;
				CLANG_WARN_UNREACHABLE_CODE = YES;
				CLANG_WARN__DUPLICATE_METHOD_MATCH = YES;
				COPY_PHASE_STRIP = NO;
				DEBUG_INFORMATION_FORMAT = "dwarf-with-dsym";
				ENABLE_NS_ASSERTIONS = NO;
				ENABLE_STRICT_OBJC_MSGSEND = YES;
				GCC_C_LANGUAGE_STANDARD = gnu11;
				GCC_NO_COMMON_BLOCKS = YES;
				GCC_WARN_64_TO_32_BIT_CONVERSION = YES;
				GCC_WARN_ABOUT_RETURN_TYPE = YES_ERROR;
				GCC_WARN_UNDECLARED_SELECTOR = YES;
				GCC_WARN_UNINITIALIZED_AUTOS = YES_AGGRESSIVE;
				GCC_WARN_UNUSED_FUNCTION = YES;
				GCC_WARN_UNUSED_VARIABLE = YES;
				IPHONEOS_DEPLOYMENT_TARGET = 14.2;
				MTL_ENABLE_DEBUG_INFO = NO;
				MTL_FAST_MATH = YES;
				SDKROOT = iphoneos;
				SWIFT_COMPILATION_MODE = wholemodule;
				SWIFT_OPTIMIZATION_LEVEL = "-O";
				VALIDATE_PRODUCT = YES;
			};
			name = Release;
		};
		6DE3961C26B3A9F100498903 /* Debug */ = {
			isa = XCBuildConfiguration;
			baseConfigurationReference = 83B2665D802400FB9B2DB52D /* Pods-CodedCard.debug.xcconfig */;
			buildSettings = {
				ALWAYS_EMBED_SWIFT_STANDARD_LIBRARIES = YES;
				ASSETCATALOG_COMPILER_APPICON_NAME = AppIcon;
				ASSETCATALOG_COMPILER_GLOBAL_ACCENT_COLOR_NAME = AccentColor;
				CODE_SIGN_ENTITLEMENTS = CodedCard/CodedCard.entitlements;
				CODE_SIGN_IDENTITY = "Apple Development";
				CODE_SIGN_STYLE = Automatic;
				CURRENT_PROJECT_VERSION = 27;
				DEVELOPMENT_TEAM = FVSZK45BZJ;
				INFOPLIST_FILE = CodedCard/Info.plist;
				IPHONEOS_DEPLOYMENT_TARGET = 13.0;
				LD_RUNPATH_SEARCH_PATHS = (
					"$(inherited)",
					"@executable_path/Frameworks",
				);
				MARKETING_VERSION = 1.09;
				PRODUCT_BUNDLE_IDENTIFIER = "terence-williams.QuikCard";
				PRODUCT_NAME = "$(TARGET_NAME)";
				PROVISIONING_PROFILE_SPECIFIER = "";
				SWIFT_VERSION = 5.0;
				TARGETED_DEVICE_FAMILY = 1;
			};
			name = Debug;
		};
		6DE3961D26B3A9F100498903 /* Release */ = {
			isa = XCBuildConfiguration;
			baseConfigurationReference = FE88FCDB7CEDA3832C0D36CF /* Pods-CodedCard.release.xcconfig */;
			buildSettings = {
				ALWAYS_EMBED_SWIFT_STANDARD_LIBRARIES = YES;
				ASSETCATALOG_COMPILER_APPICON_NAME = AppIcon;
				ASSETCATALOG_COMPILER_GLOBAL_ACCENT_COLOR_NAME = AccentColor;
				CODE_SIGN_ENTITLEMENTS = CodedCard/CodedCard.entitlements;
				CODE_SIGN_IDENTITY = "Apple Development";
				CODE_SIGN_STYLE = Automatic;
				CURRENT_PROJECT_VERSION = 27;
				DEVELOPMENT_TEAM = FVSZK45BZJ;
				INFOPLIST_FILE = CodedCard/Info.plist;
				IPHONEOS_DEPLOYMENT_TARGET = 13.0;
				LD_RUNPATH_SEARCH_PATHS = (
					"$(inherited)",
					"@executable_path/Frameworks",
				);
				MARKETING_VERSION = 1.09;
				PRODUCT_BUNDLE_IDENTIFIER = "terence-williams.QuikCard";
				PRODUCT_NAME = "$(TARGET_NAME)";
				PROVISIONING_PROFILE_SPECIFIER = "";
				SWIFT_VERSION = 5.0;
				TARGETED_DEVICE_FAMILY = 1;
			};
			name = Release;
		};
		6DE3961F26B3A9F100498903 /* Debug */ = {
			isa = XCBuildConfiguration;
			baseConfigurationReference = 2DCBEB1E05142A1D61CAAD22 /* Pods-CodedCardTests.debug.xcconfig */;
			buildSettings = {
				ALWAYS_EMBED_SWIFT_STANDARD_LIBRARIES = YES;
				BUNDLE_LOADER = "$(TEST_HOST)";
				CODE_SIGN_STYLE = Automatic;
				DEVELOPMENT_TEAM = FVSZK45BZJ;
				INFOPLIST_FILE = CodedCardTests/Info.plist;
				IPHONEOS_DEPLOYMENT_TARGET = 14.2;
				LD_RUNPATH_SEARCH_PATHS = (
					"$(inherited)",
					"@executable_path/Frameworks",
					"@loader_path/Frameworks",
				);
				PRODUCT_BUNDLE_IDENTIFIER = "terence-williams.CodedCardTests";
				PRODUCT_NAME = "$(TARGET_NAME)";
				SWIFT_VERSION = 5.0;
				TARGETED_DEVICE_FAMILY = "1,2";
				TEST_HOST = "$(BUILT_PRODUCTS_DIR)/CodedCard.app/CodedCard";
			};
			name = Debug;
		};
		6DE3962026B3A9F100498903 /* Release */ = {
			isa = XCBuildConfiguration;
			baseConfigurationReference = 71EC6FD87C8E579419855918 /* Pods-CodedCardTests.release.xcconfig */;
			buildSettings = {
				ALWAYS_EMBED_SWIFT_STANDARD_LIBRARIES = YES;
				BUNDLE_LOADER = "$(TEST_HOST)";
				CODE_SIGN_STYLE = Automatic;
				DEVELOPMENT_TEAM = FVSZK45BZJ;
				INFOPLIST_FILE = CodedCardTests/Info.plist;
				IPHONEOS_DEPLOYMENT_TARGET = 14.2;
				LD_RUNPATH_SEARCH_PATHS = (
					"$(inherited)",
					"@executable_path/Frameworks",
					"@loader_path/Frameworks",
				);
				PRODUCT_BUNDLE_IDENTIFIER = "terence-williams.CodedCardTests";
				PRODUCT_NAME = "$(TARGET_NAME)";
				SWIFT_VERSION = 5.0;
				TARGETED_DEVICE_FAMILY = "1,2";
				TEST_HOST = "$(BUILT_PRODUCTS_DIR)/CodedCard.app/CodedCard";
			};
			name = Release;
		};
		6DE3962226B3A9F100498903 /* Debug */ = {
			isa = XCBuildConfiguration;
			baseConfigurationReference = 527CA42020E57AE90C4BB955 /* Pods-CodedCard-CodedCardUITests.debug.xcconfig */;
			buildSettings = {
				ALWAYS_EMBED_SWIFT_STANDARD_LIBRARIES = YES;
				CODE_SIGN_STYLE = Automatic;
				DEVELOPMENT_TEAM = FVSZK45BZJ;
				INFOPLIST_FILE = CodedCardUITests/Info.plist;
				LD_RUNPATH_SEARCH_PATHS = (
					"$(inherited)",
					"@executable_path/Frameworks",
					"@loader_path/Frameworks",
				);
				PRODUCT_BUNDLE_IDENTIFIER = "terence-williams.CodedCardUITests";
				PRODUCT_NAME = "$(TARGET_NAME)";
				SWIFT_VERSION = 5.0;
				TARGETED_DEVICE_FAMILY = "1,2";
				TEST_TARGET_NAME = CodedCard;
			};
			name = Debug;
		};
		6DE3962326B3A9F100498903 /* Release */ = {
			isa = XCBuildConfiguration;
			baseConfigurationReference = 3514DE7EAA3542FEAC5BCA94 /* Pods-CodedCard-CodedCardUITests.release.xcconfig */;
			buildSettings = {
				ALWAYS_EMBED_SWIFT_STANDARD_LIBRARIES = YES;
				CODE_SIGN_STYLE = Automatic;
				DEVELOPMENT_TEAM = FVSZK45BZJ;
				INFOPLIST_FILE = CodedCardUITests/Info.plist;
				LD_RUNPATH_SEARCH_PATHS = (
					"$(inherited)",
					"@executable_path/Frameworks",
					"@loader_path/Frameworks",
				);
				PRODUCT_BUNDLE_IDENTIFIER = "terence-williams.CodedCardUITests";
				PRODUCT_NAME = "$(TARGET_NAME)";
				SWIFT_VERSION = 5.0;
				TARGETED_DEVICE_FAMILY = "1,2";
				TEST_TARGET_NAME = CodedCard;
			};
			name = Release;
		};
/* End XCBuildConfiguration section */

/* Begin XCConfigurationList section */
		6DE395E926B3A9EF00498903 /* Build configuration list for PBXProject "Quik Card" */ = {
			isa = XCConfigurationList;
			buildConfigurations = (
				6DE3961926B3A9F100498903 /* Debug */,
				6DE3961A26B3A9F100498903 /* Release */,
			);
			defaultConfigurationIsVisible = 0;
			defaultConfigurationName = Release;
		};
		6DE3961B26B3A9F100498903 /* Build configuration list for PBXNativeTarget "CodedCard" */ = {
			isa = XCConfigurationList;
			buildConfigurations = (
				6DE3961C26B3A9F100498903 /* Debug */,
				6DE3961D26B3A9F100498903 /* Release */,
			);
			defaultConfigurationIsVisible = 0;
			defaultConfigurationName = Release;
		};
		6DE3961E26B3A9F100498903 /* Build configuration list for PBXNativeTarget "CodedCardTests" */ = {
			isa = XCConfigurationList;
			buildConfigurations = (
				6DE3961F26B3A9F100498903 /* Debug */,
				6DE3962026B3A9F100498903 /* Release */,
			);
			defaultConfigurationIsVisible = 0;
			defaultConfigurationName = Release;
		};
		6DE3962126B3A9F100498903 /* Build configuration list for PBXNativeTarget "CodedCardUITests" */ = {
			isa = XCConfigurationList;
			buildConfigurations = (
				6DE3962226B3A9F100498903 /* Debug */,
				6DE3962326B3A9F100498903 /* Release */,
			);
			defaultConfigurationIsVisible = 0;
			defaultConfigurationName = Release;
		};
/* End XCConfigurationList section */

/* Begin XCVersionGroup section */
		6DE395FA26B3A9EF00498903 /* CodedCard.xcdatamodeld */ = {
			isa = XCVersionGroup;
			children = (
				6DE395FB26B3A9EF00498903 /* CodedCard.xcdatamodel */,
			);
			currentVersion = 6DE395FB26B3A9EF00498903 /* CodedCard.xcdatamodel */;
			path = CodedCard.xcdatamodeld;
			sourceTree = "<group>";
			versionGroupType = wrapper.xcdatamodel;
		};
/* End XCVersionGroup section */
	};
	rootObject = 6DE395E626B3A9EF00498903 /* Project object */;
}
